// !$*UTF8*$!
{
	archiveVersion = 1;
	classes = {
	};
	objectVersion = 46;
	objects = {

/* Begin PBXBuildFile section */
		AE0E42BD176D592100A050BE /* ParticipantsVC.m in Sources */ = {isa = PBXBuildFile; fileRef = AE0E42BC176D592100A050BE /* ParticipantsVC.m */; };
		AE0E42BE176D592100A050BE /* ParticipantsVC.m in Sources */ = {isa = PBXBuildFile; fileRef = AE0E42BC176D592100A050BE /* ParticipantsVC.m */; };
		AE0E42C1176DFF8900A050BE /* ParticipantDetailVC.m in Sources */ = {isa = PBXBuildFile; fileRef = AE0E42C0176DFF8900A050BE /* ParticipantDetailVC.m */; };
		AE0E42C2176DFF8900A050BE /* ParticipantDetailVC.m in Sources */ = {isa = PBXBuildFile; fileRef = AE0E42C0176DFF8900A050BE /* ParticipantDetailVC.m */; };
		AE0F2CA9179F01CE00EF2CE4 /* FileHelper.m in Sources */ = {isa = PBXBuildFile; fileRef = AE0F2CA8179F01CE00EF2CE4 /* FileHelper.m */; };
		AE0F2CAA179F01CE00EF2CE4 /* FileHelper.m in Sources */ = {isa = PBXBuildFile; fileRef = AE0F2CA8179F01CE00EF2CE4 /* FileHelper.m */; };
		AE0F2CAD179F0C9B00EF2CE4 /* CsvApi.m in Sources */ = {isa = PBXBuildFile; fileRef = AE0F2CAC179F0C9B00EF2CE4 /* CsvApi.m */; };
		AE0F2CAE179F0C9B00EF2CE4 /* CsvApi.m in Sources */ = {isa = PBXBuildFile; fileRef = AE0F2CAC179F0C9B00EF2CE4 /* CsvApi.m */; };
		AE0F2CB1179F248700EF2CE4 /* CHCSVParser.m in Sources */ = {isa = PBXBuildFile; fileRef = AE0F2CB0179F248700EF2CE4 /* CHCSVParser.m */; };
		AE0F2CB2179F248700EF2CE4 /* CHCSVParser.m in Sources */ = {isa = PBXBuildFile; fileRef = AE0F2CB0179F248700EF2CE4 /* CHCSVParser.m */; };
		AE12389D176F71A5009FC5EB /* AddressBookHelper.m in Sources */ = {isa = PBXBuildFile; fileRef = AE12389C176F71A5009FC5EB /* AddressBookHelper.m */; };
		AE12389E176F71A5009FC5EB /* AddressBookHelper.m in Sources */ = {isa = PBXBuildFile; fileRef = AE12389C176F71A5009FC5EB /* AddressBookHelper.m */; };
		AE1238A5176F76C6009FC5EB /* UIAlertView+Helpers.m in Sources */ = {isa = PBXBuildFile; fileRef = AE1238A4176F76C6009FC5EB /* UIAlertView+Helpers.m */; };
		AE1238A6176F76C6009FC5EB /* UIAlertView+Helpers.m in Sources */ = {isa = PBXBuildFile; fileRef = AE1238A4176F76C6009FC5EB /* UIAlertView+Helpers.m */; };
		AE18BA3617985EB40014EAEB /* AdminVC.m in Sources */ = {isa = PBXBuildFile; fileRef = AE18BA3517985EB40014EAEB /* AdminVC.m */; };
		AE18BA3717985EB40014EAEB /* AdminVC.m in Sources */ = {isa = PBXBuildFile; fileRef = AE18BA3517985EB40014EAEB /* AdminVC.m */; };
		AE18BA3B179879CD0014EAEB /* briefcase.png in Resources */ = {isa = PBXBuildFile; fileRef = AE18BA39179879CD0014EAEB /* briefcase.png */; };
		AE18BA3C179879CD0014EAEB /* briefcase.png in Resources */ = {isa = PBXBuildFile; fileRef = AE18BA39179879CD0014EAEB /* briefcase.png */; };
		AE18BA3D179879CD0014EAEB /* briefcase@2x.png in Resources */ = {isa = PBXBuildFile; fileRef = AE18BA3A179879CD0014EAEB /* briefcase@2x.png */; };
		AE18BA3E179879CD0014EAEB /* briefcase@2x.png in Resources */ = {isa = PBXBuildFile; fileRef = AE18BA3A179879CD0014EAEB /* briefcase@2x.png */; };
		AE18BA411798813E0014EAEB /* EventsCell.m in Sources */ = {isa = PBXBuildFile; fileRef = AE18BA401798813D0014EAEB /* EventsCell.m */; };
		AE18BA421798813E0014EAEB /* EventsCell.m in Sources */ = {isa = PBXBuildFile; fileRef = AE18BA401798813D0014EAEB /* EventsCell.m */; };
		AE18BA45179888CC0014EAEB /* ParticipantsCell.m in Sources */ = {isa = PBXBuildFile; fileRef = AE18BA44179888CC0014EAEB /* ParticipantsCell.m */; };
		AE18BA46179888CC0014EAEB /* ParticipantsCell.m in Sources */ = {isa = PBXBuildFile; fileRef = AE18BA44179888CC0014EAEB /* ParticipantsCell.m */; };
		AE18BA5217989E520014EAEB /* Default-568h@2x.png in Resources */ = {isa = PBXBuildFile; fileRef = AE18BA5117989E520014EAEB /* Default-568h@2x.png */; };
		AE18BA5917989F690014EAEB /* Default.png in Resources */ = {isa = PBXBuildFile; fileRef = AE18BA5817989F690014EAEB /* Default.png */; };
		AE18BA5B17989F750014EAEB /* Default@2x.png in Resources */ = {isa = PBXBuildFile; fileRef = AE18BA5A17989F750014EAEB /* Default@2x.png */; };
		AE18DD991774ADF50082FCFE /* EventsVC.m in Sources */ = {isa = PBXBuildFile; fileRef = AE18DD981774ADF50082FCFE /* EventsVC.m */; };
		AE18DD9A1774ADF50082FCFE /* EventsVC.m in Sources */ = {isa = PBXBuildFile; fileRef = AE18DD981774ADF50082FCFE /* EventsVC.m */; };
		AE18DD9D1774B0920082FCFE /* Event.m in Sources */ = {isa = PBXBuildFile; fileRef = AE18DD9C1774B0920082FCFE /* Event.m */; };
		AE18DD9E1774B0920082FCFE /* Event.m in Sources */ = {isa = PBXBuildFile; fileRef = AE18DD9C1774B0920082FCFE /* Event.m */; };
		AE18DDA11774B2840082FCFE /* EventDetailVCOld.m in Sources */ = {isa = PBXBuildFile; fileRef = AE18DDA01774B2840082FCFE /* EventDetailVCOld.m */; };
		AE18DDA21774B2840082FCFE /* EventDetailVCOld.m in Sources */ = {isa = PBXBuildFile; fileRef = AE18DDA01774B2840082FCFE /* EventDetailVCOld.m */; };
		AE18DDA51774C3DE0082FCFE /* EventAttributeCell.m in Sources */ = {isa = PBXBuildFile; fileRef = AE18DDA41774C3DE0082FCFE /* EventAttributeCell.m */; };
		AE18DDA61774C3DE0082FCFE /* EventAttributeCell.m in Sources */ = {isa = PBXBuildFile; fileRef = AE18DDA41774C3DE0082FCFE /* EventAttributeCell.m */; };
		AE18DDB81774FA7D0082FCFE /* TDDatePickerController.m in Sources */ = {isa = PBXBuildFile; fileRef = AE18DDB11774FA7D0082FCFE /* TDDatePickerController.m */; };
		AE18DDB91774FA7D0082FCFE /* TDDatePickerController.m in Sources */ = {isa = PBXBuildFile; fileRef = AE18DDB11774FA7D0082FCFE /* TDDatePickerController.m */; };
		AE18DDBA1774FA7D0082FCFE /* TDDatePickerController.xib in Resources */ = {isa = PBXBuildFile; fileRef = AE18DDB21774FA7D0082FCFE /* TDDatePickerController.xib */; };
		AE18DDBB1774FA7D0082FCFE /* TDDatePickerController.xib in Resources */ = {isa = PBXBuildFile; fileRef = AE18DDB21774FA7D0082FCFE /* TDDatePickerController.xib */; };
		AE18DDBC1774FA7D0082FCFE /* TDSemiModalViewController.m in Sources */ = {isa = PBXBuildFile; fileRef = AE18DDB51774FA7D0082FCFE /* TDSemiModalViewController.m */; };
		AE18DDBD1774FA7D0082FCFE /* TDSemiModalViewController.m in Sources */ = {isa = PBXBuildFile; fileRef = AE18DDB51774FA7D0082FCFE /* TDSemiModalViewController.m */; };
		AE18DDBE1774FA7D0082FCFE /* UIViewController+TDSemiModalExtension.m in Sources */ = {isa = PBXBuildFile; fileRef = AE18DDB71774FA7D0082FCFE /* UIViewController+TDSemiModalExtension.m */; };
		AE18DDBF1774FA7D0082FCFE /* UIViewController+TDSemiModalExtension.m in Sources */ = {isa = PBXBuildFile; fileRef = AE18DDB71774FA7D0082FCFE /* UIViewController+TDSemiModalExtension.m */; };
		AE18DDC5177601480082FCFE /* AddEventVC.m in Sources */ = {isa = PBXBuildFile; fileRef = AE18DDC4177601470082FCFE /* AddEventVC.m */; };
		AE18DDC6177601480082FCFE /* AddEventVC.m in Sources */ = {isa = PBXBuildFile; fileRef = AE18DDC4177601470082FCFE /* AddEventVC.m */; };
		AE18DDC917760FE50082FCFE /* NSString+Helpers.m in Sources */ = {isa = PBXBuildFile; fileRef = AE18DDC817760FE50082FCFE /* NSString+Helpers.m */; };
		AE18DDCA17760FE50082FCFE /* NSString+Helpers.m in Sources */ = {isa = PBXBuildFile; fileRef = AE18DDC817760FE50082FCFE /* NSString+Helpers.m */; };
		AE18DDD117762E4C0082FCFE /* NSDate+Helpers.m in Sources */ = {isa = PBXBuildFile; fileRef = AE18DDD017762E4C0082FCFE /* NSDate+Helpers.m */; };
		AE18DDD217762E4C0082FCFE /* NSDate+Helpers.m in Sources */ = {isa = PBXBuildFile; fileRef = AE18DDD017762E4C0082FCFE /* NSDate+Helpers.m */; };
		AE18DDDD177630E00082FCFE /* EventHelper.m in Sources */ = {isa = PBXBuildFile; fileRef = AE18DDDC177630E00082FCFE /* EventHelper.m */; };
		AE18DDDE177630E00082FCFE /* EventHelper.m in Sources */ = {isa = PBXBuildFile; fileRef = AE18DDDC177630E00082FCFE /* EventHelper.m */; };
		AE25FFE2176E778F00955426 /* AddressBook.framework in Frameworks */ = {isa = PBXBuildFile; fileRef = AE25FFE0176E778F00955426 /* AddressBook.framework */; };
		AE25FFE3176E778F00955426 /* AddressBookUI.framework in Frameworks */ = {isa = PBXBuildFile; fileRef = AE25FFE1176E778F00955426 /* AddressBookUI.framework */; };
		AE3256C01794E0990061BBF1 /* libTestFlight.a in Frameworks */ = {isa = PBXBuildFile; fileRef = AE3256BC1794E0990061BBF1 /* libTestFlight.a */; };
		AE3256C11794E0990061BBF1 /* libTestFlight.a in Frameworks */ = {isa = PBXBuildFile; fileRef = AE3256BC1794E0990061BBF1 /* libTestFlight.a */; };
		AE3256C21794E0990061BBF1 /* README.md in Resources */ = {isa = PBXBuildFile; fileRef = AE3256BD1794E0990061BBF1 /* README.md */; };
		AE3256C31794E0990061BBF1 /* README.md in Resources */ = {isa = PBXBuildFile; fileRef = AE3256BD1794E0990061BBF1 /* README.md */; };
		AE3256C41794E0990061BBF1 /* release_notes.md in Resources */ = {isa = PBXBuildFile; fileRef = AE3256BE1794E0990061BBF1 /* release_notes.md */; };
		AE3256C51794E0990061BBF1 /* release_notes.md in Resources */ = {isa = PBXBuildFile; fileRef = AE3256BE1794E0990061BBF1 /* release_notes.md */; };
		AE3256C71794E0F10061BBF1 /* libz.dylib in Frameworks */ = {isa = PBXBuildFile; fileRef = AE3256C61794E0F10061BBF1 /* libz.dylib */; };
		AE3256CA1794E5FA0061BBF1 /* ConfirmedEventsVC.m in Sources */ = {isa = PBXBuildFile; fileRef = AE3256C91794E5F90061BBF1 /* ConfirmedEventsVC.m */; };
		AE3256CB1794E5FA0061BBF1 /* ConfirmedEventsVC.m in Sources */ = {isa = PBXBuildFile; fileRef = AE3256C91794E5F90061BBF1 /* ConfirmedEventsVC.m */; };
		AE4F15A01781E6C700650410 /* calendar.png in Resources */ = {isa = PBXBuildFile; fileRef = AE4F155E1781E6C700650410 /* calendar.png */; };
		AE4F15A11781E6C700650410 /* calendar.png in Resources */ = {isa = PBXBuildFile; fileRef = AE4F155E1781E6C700650410 /* calendar.png */; };
		AE4F15A21781E6C700650410 /* calendar@2x.png in Resources */ = {isa = PBXBuildFile; fileRef = AE4F155F1781E6C700650410 /* calendar@2x.png */; };
		AE4F15A31781E6C700650410 /* calendar@2x.png in Resources */ = {isa = PBXBuildFile; fileRef = AE4F155F1781E6C700650410 /* calendar@2x.png */; };
		AE4F15A41781E6C700650410 /* team.png in Resources */ = {isa = PBXBuildFile; fileRef = AE4F15601781E6C700650410 /* team.png */; };
		AE4F15A51781E6C700650410 /* team.png in Resources */ = {isa = PBXBuildFile; fileRef = AE4F15601781E6C700650410 /* team.png */; };
		AE4F16231781E88700650410 /* team@2x.png in Resources */ = {isa = PBXBuildFile; fileRef = AE4F16221781E88700650410 /* team@2x.png */; };
		AE4F16241781E88700650410 /* team@2x.png in Resources */ = {isa = PBXBuildFile; fileRef = AE4F16221781E88700650410 /* team@2x.png */; };
		AE814D5B17950157001E4866 /* TransactionDetailVC.m in Sources */ = {isa = PBXBuildFile; fileRef = AE814D5A17950157001E4866 /* TransactionDetailVC.m */; };
		AE814D5C17950157001E4866 /* TransactionDetailVC.m in Sources */ = {isa = PBXBuildFile; fileRef = AE814D5A17950157001E4866 /* TransactionDetailVC.m */; };
		AE814D6317950E4C001E4866 /* Transaction.m in Sources */ = {isa = PBXBuildFile; fileRef = AE814D6217950E4C001E4866 /* Transaction.m */; };
		AE814D6417950E4C001E4866 /* Transaction.m in Sources */ = {isa = PBXBuildFile; fileRef = AE814D6217950E4C001E4866 /* Transaction.m */; };
		AE895C0E1795EEBC0055223A /* TransactionHelper.m in Sources */ = {isa = PBXBuildFile; fileRef = AE895C0D1795EEBC0055223A /* TransactionHelper.m */; };
		AE895C0F1795EEBC0055223A /* TransactionHelper.m in Sources */ = {isa = PBXBuildFile; fileRef = AE895C0D1795EEBC0055223A /* TransactionHelper.m */; };
		AE895C12179638600055223A /* Participant.m in Sources */ = {isa = PBXBuildFile; fileRef = AE895C11179638600055223A /* Participant.m */; };
		AE895C13179638600055223A /* Participant.m in Sources */ = {isa = PBXBuildFile; fileRef = AE895C11179638600055223A /* Participant.m */; };
		AE895C2417965F9E0055223A /* TransactionsVC.m in Sources */ = {isa = PBXBuildFile; fileRef = AE895C2317965F9E0055223A /* TransactionsVC.m */; };
		AE895C2517965F9E0055223A /* TransactionsVC.m in Sources */ = {isa = PBXBuildFile; fileRef = AE895C2317965F9E0055223A /* TransactionsVC.m */; };
		AE895C28179666820055223A /* TransactionsCell.m in Sources */ = {isa = PBXBuildFile; fileRef = AE895C27179666820055223A /* TransactionsCell.m */; };
		AE895C29179666820055223A /* TransactionsCell.m in Sources */ = {isa = PBXBuildFile; fileRef = AE895C27179666820055223A /* TransactionsCell.m */; };
		AE89ABE3176D426700C06D03 /* UIKit.framework in Frameworks */ = {isa = PBXBuildFile; fileRef = AE89ABE2176D426700C06D03 /* UIKit.framework */; };
		AE89ABE5176D426700C06D03 /* Foundation.framework in Frameworks */ = {isa = PBXBuildFile; fileRef = AE89ABE4176D426700C06D03 /* Foundation.framework */; };
		AE89ABE7176D426700C06D03 /* CoreGraphics.framework in Frameworks */ = {isa = PBXBuildFile; fileRef = AE89ABE6176D426700C06D03 /* CoreGraphics.framework */; };
		AE89ABE9176D426700C06D03 /* CoreData.framework in Frameworks */ = {isa = PBXBuildFile; fileRef = AE89ABE8176D426700C06D03 /* CoreData.framework */; };
		AE89ABEF176D426700C06D03 /* InfoPlist.strings in Resources */ = {isa = PBXBuildFile; fileRef = AE89ABED176D426700C06D03 /* InfoPlist.strings */; };
		AE89ABF1176D426700C06D03 /* main.m in Sources */ = {isa = PBXBuildFile; fileRef = AE89ABF0176D426700C06D03 /* main.m */; };
		AE89ABF5176D426700C06D03 /* AppDelegate.m in Sources */ = {isa = PBXBuildFile; fileRef = AE89ABF4176D426700C06D03 /* AppDelegate.m */; };
		AE89ABFE176D426700C06D03 /* Friday_Night_Lights.xcdatamodeld in Sources */ = {isa = PBXBuildFile; fileRef = AE89ABFC176D426700C06D03 /* Friday_Night_Lights.xcdatamodeld */; };
		AE89AC06176D426700C06D03 /* SenTestingKit.framework in Frameworks */ = {isa = PBXBuildFile; fileRef = AE89AC05176D426700C06D03 /* SenTestingKit.framework */; };
		AE89AC07176D426700C06D03 /* UIKit.framework in Frameworks */ = {isa = PBXBuildFile; fileRef = AE89ABE2176D426700C06D03 /* UIKit.framework */; };
		AE89AC08176D426700C06D03 /* Foundation.framework in Frameworks */ = {isa = PBXBuildFile; fileRef = AE89ABE4176D426700C06D03 /* Foundation.framework */; };
		AE89AC09176D426700C06D03 /* CoreData.framework in Frameworks */ = {isa = PBXBuildFile; fileRef = AE89ABE8176D426700C06D03 /* CoreData.framework */; };
		AE89AC11176D426700C06D03 /* InfoPlist.strings in Resources */ = {isa = PBXBuildFile; fileRef = AE89AC0F176D426700C06D03 /* InfoPlist.strings */; };
		AE89AC14176D426700C06D03 /* Friday_Night_LightsTests.m in Sources */ = {isa = PBXBuildFile; fileRef = AE89AC13176D426700C06D03 /* Friday_Night_LightsTests.m */; };
		AE89AC20176D458500C06D03 /* Friday_Night_Lights.xcdatamodeld in Sources */ = {isa = PBXBuildFile; fileRef = AE89ABFC176D426700C06D03 /* Friday_Night_Lights.xcdatamodeld */; };
		AE89AC2A176D4C3300C06D03 /* iPhone.storyboard in Resources */ = {isa = PBXBuildFile; fileRef = AE89AC29176D4C3300C06D03 /* iPhone.storyboard */; };
		AE89AC2B176D4C3300C06D03 /* iPhone.storyboard in Resources */ = {isa = PBXBuildFile; fileRef = AE89AC29176D4C3300C06D03 /* iPhone.storyboard */; };
		AE89AC32176D4E5300C06D03 /* Model.m in Sources */ = {isa = PBXBuildFile; fileRef = AE89AC31176D4E5300C06D03 /* Model.m */; };
		AE89AC33176D4E5300C06D03 /* Model.m in Sources */ = {isa = PBXBuildFile; fileRef = AE89AC31176D4E5300C06D03 /* Model.m */; };
		AEC5DF18177A0CAA004C697C /* DesignHelper.m in Sources */ = {isa = PBXBuildFile; fileRef = AEC5DF17177A0CAA004C697C /* DesignHelper.m */; };
		AEC5DF19177A0CAA004C697C /* DesignHelper.m in Sources */ = {isa = PBXBuildFile; fileRef = AEC5DF17177A0CAA004C697C /* DesignHelper.m */; };
		AEC5DF1B177A0FF8004C697C /* QuartzCore.framework in Frameworks */ = {isa = PBXBuildFile; fileRef = AEC5DF1A177A0FF8004C697C /* QuartzCore.framework */; };
		AEC5DF1E177A1093004C697C /* ParticipantHelper.m in Sources */ = {isa = PBXBuildFile; fileRef = AEC5DF1D177A1093004C697C /* ParticipantHelper.m */; };
		AEC5DF1F177A1093004C697C /* ParticipantHelper.m in Sources */ = {isa = PBXBuildFile; fileRef = AEC5DF1D177A1093004C697C /* ParticipantHelper.m */; };
		AED35F93179384A9009D8ADF /* Icon.png in Resources */ = {isa = PBXBuildFile; fileRef = AED35F92179384A9009D8ADF /* Icon.png */; };
		AED35F95179384AE009D8ADF /* Icon@2x.png in Resources */ = {isa = PBXBuildFile; fileRef = AED35F94179384AE009D8ADF /* Icon@2x.png */; };
		AED35F9C17939871009D8ADF /* Helper.m in Sources */ = {isa = PBXBuildFile; fileRef = AED35F9B17939871009D8ADF /* Helper.m */; };
		AED35F9D17939871009D8ADF /* Helper.m in Sources */ = {isa = PBXBuildFile; fileRef = AED35F9B17939871009D8ADF /* Helper.m */; };
		AEDC565A17778DB50073BA2C /* MessageUI.framework in Frameworks */ = {isa = PBXBuildFile; fileRef = AEDC565917778DB50073BA2C /* MessageUI.framework */; };
		AEE083B81791FA1400371928 /* ConfirmedParticipantsVC.m in Sources */ = {isa = PBXBuildFile; fileRef = AEE083B71791FA1400371928 /* ConfirmedParticipantsVC.m */; };
		AEE083BB17937CBF00371928 /* hockeyStick.png in Resources */ = {isa = PBXBuildFile; fileRef = AEE083B917937CBF00371928 /* hockeyStick.png */; };
		AEE083BC17937CBF00371928 /* hockeyStick@2x.png in Resources */ = {isa = PBXBuildFile; fileRef = AEE083BA17937CBF00371928 /* hockeyStick@2x.png */; };
		AEF3E02F17795F70002F1D4C /* EventDetailVC.m in Sources */ = {isa = PBXBuildFile; fileRef = AEF3E02E17795F70002F1D4C /* EventDetailVC.m */; };
		AEF3E03017795F70002F1D4C /* EventDetailVC.m in Sources */ = {isa = PBXBuildFile; fileRef = AEF3E02E17795F70002F1D4C /* EventDetailVC.m */; };
		AEF3E03317796DB1002F1D4C /* UITableView+Helpers.m in Sources */ = {isa = PBXBuildFile; fileRef = AEF3E03217796DB1002F1D4C /* UITableView+Helpers.m */; };
		AEF3E03417796DB1002F1D4C /* UITableView+Helpers.m in Sources */ = {isa = PBXBuildFile; fileRef = AEF3E03217796DB1002F1D4C /* UITableView+Helpers.m */; };
		AEF3E037177973C6002F1D4C /* MessageHelper.m in Sources */ = {isa = PBXBuildFile; fileRef = AEF3E036177973C6002F1D4C /* MessageHelper.m */; };
		AEF3E038177973C6002F1D4C /* MessageHelper.m in Sources */ = {isa = PBXBuildFile; fileRef = AEF3E036177973C6002F1D4C /* MessageHelper.m */; };
/* End PBXBuildFile section */

/* Begin PBXContainerItemProxy section */
		AE89AC0A176D426700C06D03 /* PBXContainerItemProxy */ = {
			isa = PBXContainerItemProxy;
			containerPortal = AE89ABD7176D426700C06D03 /* Project object */;
			proxyType = 1;
			remoteGlobalIDString = AE89ABDE176D426700C06D03;
			remoteInfo = "Friday Night Lights";
		};
/* End PBXContainerItemProxy section */

/* Begin PBXFileReference section */
		AE0E42BB176D592100A050BE /* ParticipantsVC.h */ = {isa = PBXFileReference; fileEncoding = 4; lastKnownFileType = sourcecode.c.h; name = ParticipantsVC.h; path = "Friday Night Lights/ParticipantsVC.h"; sourceTree = "<group>"; };
		AE0E42BC176D592100A050BE /* ParticipantsVC.m */ = {isa = PBXFileReference; fileEncoding = 4; lastKnownFileType = sourcecode.c.objc; name = ParticipantsVC.m; path = "Friday Night Lights/ParticipantsVC.m"; sourceTree = "<group>"; };
		AE0E42BF176DFF8900A050BE /* ParticipantDetailVC.h */ = {isa = PBXFileReference; fileEncoding = 4; lastKnownFileType = sourcecode.c.h; name = ParticipantDetailVC.h; path = "Friday Night Lights/ParticipantDetailVC.h"; sourceTree = "<group>"; };
		AE0E42C0176DFF8900A050BE /* ParticipantDetailVC.m */ = {isa = PBXFileReference; fileEncoding = 4; lastKnownFileType = sourcecode.c.objc; name = ParticipantDetailVC.m; path = "Friday Night Lights/ParticipantDetailVC.m"; sourceTree = "<group>"; };
		AE0F2CA7179F01CD00EF2CE4 /* FileHelper.h */ = {isa = PBXFileReference; fileEncoding = 4; lastKnownFileType = sourcecode.c.h; name = FileHelper.h; path = "Friday Night Lights/FileHelper.h"; sourceTree = "<group>"; };
		AE0F2CA8179F01CE00EF2CE4 /* FileHelper.m */ = {isa = PBXFileReference; fileEncoding = 4; lastKnownFileType = sourcecode.c.objc; name = FileHelper.m; path = "Friday Night Lights/FileHelper.m"; sourceTree = "<group>"; };
		AE0F2CAB179F0C9B00EF2CE4 /* CsvApi.h */ = {isa = PBXFileReference; fileEncoding = 4; lastKnownFileType = sourcecode.c.h; name = CsvApi.h; path = "Friday Night Lights/CsvApi.h"; sourceTree = "<group>"; };
		AE0F2CAC179F0C9B00EF2CE4 /* CsvApi.m */ = {isa = PBXFileReference; fileEncoding = 4; lastKnownFileType = sourcecode.c.objc; name = CsvApi.m; path = "Friday Night Lights/CsvApi.m"; sourceTree = "<group>"; };
		AE0F2CAF179F248700EF2CE4 /* CHCSVParser.h */ = {isa = PBXFileReference; fileEncoding = 4; lastKnownFileType = sourcecode.c.h; name = CHCSVParser.h; path = "Friday Night Lights/CHCSVParser.h"; sourceTree = "<group>"; };
		AE0F2CB0179F248700EF2CE4 /* CHCSVParser.m */ = {isa = PBXFileReference; fileEncoding = 4; lastKnownFileType = sourcecode.c.objc; name = CHCSVParser.m; path = "Friday Night Lights/CHCSVParser.m"; sourceTree = "<group>"; };
		AE12389B176F71A5009FC5EB /* AddressBookHelper.h */ = {isa = PBXFileReference; fileEncoding = 4; lastKnownFileType = sourcecode.c.h; name = AddressBookHelper.h; path = "Friday Night Lights/AddressBookHelper.h"; sourceTree = "<group>"; };
		AE12389C176F71A5009FC5EB /* AddressBookHelper.m */ = {isa = PBXFileReference; fileEncoding = 4; lastKnownFileType = sourcecode.c.objc; name = AddressBookHelper.m; path = "Friday Night Lights/AddressBookHelper.m"; sourceTree = "<group>"; };
		AE1238A3176F76C6009FC5EB /* UIAlertView+Helpers.h */ = {isa = PBXFileReference; fileEncoding = 4; lastKnownFileType = sourcecode.c.h; name = "UIAlertView+Helpers.h"; path = "Friday Night Lights/Categories/UIAlertView+Helpers.h"; sourceTree = "<group>"; };
		AE1238A4176F76C6009FC5EB /* UIAlertView+Helpers.m */ = {isa = PBXFileReference; fileEncoding = 4; lastKnownFileType = sourcecode.c.objc; name = "UIAlertView+Helpers.m"; path = "Friday Night Lights/Categories/UIAlertView+Helpers.m"; sourceTree = "<group>"; };
		AE160BD7179E024300806430 /* Friday_Night_Lights 3.xcdatamodel */ = {isa = PBXFileReference; lastKnownFileType = wrapper.xcdatamodel; path = "Friday_Night_Lights 3.xcdatamodel"; sourceTree = "<group>"; };
		AE18BA3417985EB40014EAEB /* AdminVC.h */ = {isa = PBXFileReference; fileEncoding = 4; lastKnownFileType = sourcecode.c.h; name = AdminVC.h; path = "Friday Night Lights/AdminVC.h"; sourceTree = "<group>"; };
		AE18BA3517985EB40014EAEB /* AdminVC.m */ = {isa = PBXFileReference; fileEncoding = 4; lastKnownFileType = sourcecode.c.objc; name = AdminVC.m; path = "Friday Night Lights/AdminVC.m"; sourceTree = "<group>"; };
		AE18BA39179879CD0014EAEB /* briefcase.png */ = {isa = PBXFileReference; lastKnownFileType = image.png; path = briefcase.png; sourceTree = "<group>"; };
		AE18BA3A179879CD0014EAEB /* briefcase@2x.png */ = {isa = PBXFileReference; lastKnownFileType = image.png; path = "briefcase@2x.png"; sourceTree = "<group>"; };
		AE18BA3F1798813D0014EAEB /* EventsCell.h */ = {isa = PBXFileReference; fileEncoding = 4; lastKnownFileType = sourcecode.c.h; name = EventsCell.h; path = "Friday Night Lights/EventsCell.h"; sourceTree = "<group>"; };
		AE18BA401798813D0014EAEB /* EventsCell.m */ = {isa = PBXFileReference; fileEncoding = 4; lastKnownFileType = sourcecode.c.objc; name = EventsCell.m; path = "Friday Night Lights/EventsCell.m"; sourceTree = "<group>"; };
		AE18BA43179888CC0014EAEB /* ParticipantsCell.h */ = {isa = PBXFileReference; fileEncoding = 4; lastKnownFileType = sourcecode.c.h; name = ParticipantsCell.h; path = "Friday Night Lights/ParticipantsCell.h"; sourceTree = "<group>"; };
		AE18BA44179888CC0014EAEB /* ParticipantsCell.m */ = {isa = PBXFileReference; fileEncoding = 4; lastKnownFileType = sourcecode.c.objc; name = ParticipantsCell.m; path = "Friday Night Lights/ParticipantsCell.m"; sourceTree = "<group>"; };
		AE18BA5117989E520014EAEB /* Default-568h@2x.png */ = {isa = PBXFileReference; lastKnownFileType = image.png; path = "Default-568h@2x.png"; sourceTree = "<group>"; };
		AE18BA5817989F690014EAEB /* Default.png */ = {isa = PBXFileReference; lastKnownFileType = image.png; path = Default.png; sourceTree = "<group>"; };
		AE18BA5A17989F750014EAEB /* Default@2x.png */ = {isa = PBXFileReference; lastKnownFileType = image.png; path = "Default@2x.png"; sourceTree = "<group>"; };
		AE18DD971774ADF50082FCFE /* EventsVC.h */ = {isa = PBXFileReference; fileEncoding = 4; lastKnownFileType = sourcecode.c.h; lineEnding = 0; name = EventsVC.h; path = "Friday Night Lights/EventsVC.h"; sourceTree = "<group>"; xcLanguageSpecificationIdentifier = xcode.lang.objcpp; };
		AE18DD981774ADF50082FCFE /* EventsVC.m */ = {isa = PBXFileReference; fileEncoding = 4; lastKnownFileType = sourcecode.c.objc; lineEnding = 0; name = EventsVC.m; path = "Friday Night Lights/EventsVC.m"; sourceTree = "<group>"; xcLanguageSpecificationIdentifier = xcode.lang.objc; };
		AE18DD9B1774B0920082FCFE /* Event.h */ = {isa = PBXFileReference; fileEncoding = 4; lastKnownFileType = sourcecode.c.h; name = Event.h; path = "Friday Night Lights/Event.h"; sourceTree = "<group>"; };
		AE18DD9C1774B0920082FCFE /* Event.m */ = {isa = PBXFileReference; fileEncoding = 4; lastKnownFileType = sourcecode.c.objc; name = Event.m; path = "Friday Night Lights/Event.m"; sourceTree = "<group>"; };
		AE18DD9F1774B2840082FCFE /* EventDetailVCOld.h */ = {isa = PBXFileReference; fileEncoding = 4; lastKnownFileType = sourcecode.c.h; name = EventDetailVCOld.h; path = "Friday Night Lights/EventDetailVCOld.h"; sourceTree = "<group>"; };
		AE18DDA01774B2840082FCFE /* EventDetailVCOld.m */ = {isa = PBXFileReference; fileEncoding = 4; lastKnownFileType = sourcecode.c.objc; name = EventDetailVCOld.m; path = "Friday Night Lights/EventDetailVCOld.m"; sourceTree = "<group>"; };
		AE18DDA31774C3DE0082FCFE /* EventAttributeCell.h */ = {isa = PBXFileReference; fileEncoding = 4; lastKnownFileType = sourcecode.c.h; name = EventAttributeCell.h; path = "Friday Night Lights/EventAttributeCell.h"; sourceTree = "<group>"; };
		AE18DDA41774C3DE0082FCFE /* EventAttributeCell.m */ = {isa = PBXFileReference; fileEncoding = 4; lastKnownFileType = sourcecode.c.objc; name = EventAttributeCell.m; path = "Friday Night Lights/EventAttributeCell.m"; sourceTree = "<group>"; };
		AE18DDB01774FA7D0082FCFE /* TDDatePickerController.h */ = {isa = PBXFileReference; fileEncoding = 4; lastKnownFileType = sourcecode.c.h; path = TDDatePickerController.h; sourceTree = "<group>"; };
		AE18DDB11774FA7D0082FCFE /* TDDatePickerController.m */ = {isa = PBXFileReference; fileEncoding = 4; lastKnownFileType = sourcecode.c.objc; path = TDDatePickerController.m; sourceTree = "<group>"; };
		AE18DDB21774FA7D0082FCFE /* TDDatePickerController.xib */ = {isa = PBXFileReference; fileEncoding = 4; lastKnownFileType = file.xib; path = TDDatePickerController.xib; sourceTree = "<group>"; };
		AE18DDB31774FA7D0082FCFE /* TDSemiModal.h */ = {isa = PBXFileReference; fileEncoding = 4; lastKnownFileType = sourcecode.c.h; path = TDSemiModal.h; sourceTree = "<group>"; };
		AE18DDB41774FA7D0082FCFE /* TDSemiModalViewController.h */ = {isa = PBXFileReference; fileEncoding = 4; lastKnownFileType = sourcecode.c.h; path = TDSemiModalViewController.h; sourceTree = "<group>"; };
		AE18DDB51774FA7D0082FCFE /* TDSemiModalViewController.m */ = {isa = PBXFileReference; fileEncoding = 4; lastKnownFileType = sourcecode.c.objc; path = TDSemiModalViewController.m; sourceTree = "<group>"; };
		AE18DDB61774FA7D0082FCFE /* UIViewController+TDSemiModalExtension.h */ = {isa = PBXFileReference; fileEncoding = 4; lastKnownFileType = sourcecode.c.h; path = "UIViewController+TDSemiModalExtension.h"; sourceTree = "<group>"; };
		AE18DDB71774FA7D0082FCFE /* UIViewController+TDSemiModalExtension.m */ = {isa = PBXFileReference; fileEncoding = 4; lastKnownFileType = sourcecode.c.objc; path = "UIViewController+TDSemiModalExtension.m"; sourceTree = "<group>"; };
		AE18DDC3177601470082FCFE /* AddEventVC.h */ = {isa = PBXFileReference; fileEncoding = 4; lastKnownFileType = sourcecode.c.h; name = AddEventVC.h; path = "Friday Night Lights/AddEventVC.h"; sourceTree = "<group>"; };
		AE18DDC4177601470082FCFE /* AddEventVC.m */ = {isa = PBXFileReference; fileEncoding = 4; lastKnownFileType = sourcecode.c.objc; name = AddEventVC.m; path = "Friday Night Lights/AddEventVC.m"; sourceTree = "<group>"; };
		AE18DDC717760FE50082FCFE /* NSString+Helpers.h */ = {isa = PBXFileReference; fileEncoding = 4; lastKnownFileType = sourcecode.c.h; name = "NSString+Helpers.h"; path = "Friday Night Lights/NSString+Helpers.h"; sourceTree = "<group>"; };
		AE18DDC817760FE50082FCFE /* NSString+Helpers.m */ = {isa = PBXFileReference; fileEncoding = 4; lastKnownFileType = sourcecode.c.objc; name = "NSString+Helpers.m"; path = "Friday Night Lights/NSString+Helpers.m"; sourceTree = "<group>"; };
		AE18DDCF17762E4B0082FCFE /* NSDate+Helpers.h */ = {isa = PBXFileReference; fileEncoding = 4; lastKnownFileType = sourcecode.c.h; name = "NSDate+Helpers.h"; path = "Friday Night Lights/NSDate+Helpers.h"; sourceTree = "<group>"; };
		AE18DDD017762E4C0082FCFE /* NSDate+Helpers.m */ = {isa = PBXFileReference; fileEncoding = 4; lastKnownFileType = sourcecode.c.objc; name = "NSDate+Helpers.m"; path = "Friday Night Lights/NSDate+Helpers.m"; sourceTree = "<group>"; };
		AE18DDDB177630E00082FCFE /* EventHelper.h */ = {isa = PBXFileReference; fileEncoding = 4; lastKnownFileType = sourcecode.c.h; name = EventHelper.h; path = "Friday Night Lights/EventHelper.h"; sourceTree = "<group>"; };
		AE18DDDC177630E00082FCFE /* EventHelper.m */ = {isa = PBXFileReference; fileEncoding = 4; lastKnownFileType = sourcecode.c.objc; name = EventHelper.m; path = "Friday Night Lights/EventHelper.m"; sourceTree = "<group>"; };
		AE25FFE0176E778F00955426 /* AddressBook.framework */ = {isa = PBXFileReference; lastKnownFileType = wrapper.framework; name = AddressBook.framework; path = System/Library/Frameworks/AddressBook.framework; sourceTree = SDKROOT; };
		AE25FFE1176E778F00955426 /* AddressBookUI.framework */ = {isa = PBXFileReference; lastKnownFileType = wrapper.framework; name = AddressBookUI.framework; path = System/Library/Frameworks/AddressBookUI.framework; sourceTree = SDKROOT; };
		AE3256BC1794E0990061BBF1 /* libTestFlight.a */ = {isa = PBXFileReference; lastKnownFileType = archive.ar; path = libTestFlight.a; sourceTree = "<group>"; };
		AE3256BD1794E0990061BBF1 /* README.md */ = {isa = PBXFileReference; fileEncoding = 4; lastKnownFileType = text; path = README.md; sourceTree = "<group>"; };
		AE3256BE1794E0990061BBF1 /* release_notes.md */ = {isa = PBXFileReference; fileEncoding = 4; lastKnownFileType = text; path = release_notes.md; sourceTree = "<group>"; };
		AE3256BF1794E0990061BBF1 /* TestFlight.h */ = {isa = PBXFileReference; fileEncoding = 4; lastKnownFileType = sourcecode.c.h; path = TestFlight.h; sourceTree = "<group>"; };
		AE3256C61794E0F10061BBF1 /* libz.dylib */ = {isa = PBXFileReference; lastKnownFileType = "compiled.mach-o.dylib"; name = libz.dylib; path = usr/lib/libz.dylib; sourceTree = SDKROOT; };
		AE3256C81794E5F90061BBF1 /* ConfirmedEventsVC.h */ = {isa = PBXFileReference; fileEncoding = 4; lastKnownFileType = sourcecode.c.h; name = ConfirmedEventsVC.h; path = "Friday Night Lights/ConfirmedEventsVC.h"; sourceTree = "<group>"; };
		AE3256C91794E5F90061BBF1 /* ConfirmedEventsVC.m */ = {isa = PBXFileReference; fileEncoding = 4; lastKnownFileType = sourcecode.c.objc; name = ConfirmedEventsVC.m; path = "Friday Night Lights/ConfirmedEventsVC.m"; sourceTree = "<group>"; };
		AE3256CC1794FC470061BBF1 /* Friday_Night_Lights 2.xcdatamodel */ = {isa = PBXFileReference; lastKnownFileType = wrapper.xcdatamodel; path = "Friday_Night_Lights 2.xcdatamodel"; sourceTree = "<group>"; };
		AE4F155E1781E6C700650410 /* calendar.png */ = {isa = PBXFileReference; lastKnownFileType = image.png; path = calendar.png; sourceTree = "<group>"; };
		AE4F155F1781E6C700650410 /* calendar@2x.png */ = {isa = PBXFileReference; lastKnownFileType = image.png; path = "calendar@2x.png"; sourceTree = "<group>"; };
		AE4F15601781E6C700650410 /* team.png */ = {isa = PBXFileReference; lastKnownFileType = image.png; path = team.png; sourceTree = "<group>"; };
		AE4F16221781E88700650410 /* team@2x.png */ = {isa = PBXFileReference; lastKnownFileType = image.png; path = "team@2x.png"; sourceTree = "<group>"; };
		AE814D5917950157001E4866 /* TransactionDetailVC.h */ = {isa = PBXFileReference; fileEncoding = 4; lastKnownFileType = sourcecode.c.h; name = TransactionDetailVC.h; path = "Friday Night Lights/TransactionDetailVC.h"; sourceTree = "<group>"; };
		AE814D5A17950157001E4866 /* TransactionDetailVC.m */ = {isa = PBXFileReference; fileEncoding = 4; lastKnownFileType = sourcecode.c.objc; name = TransactionDetailVC.m; path = "Friday Night Lights/TransactionDetailVC.m"; sourceTree = "<group>"; };
		AE814D6117950E4C001E4866 /* Transaction.h */ = {isa = PBXFileReference; fileEncoding = 4; lastKnownFileType = sourcecode.c.h; name = Transaction.h; path = "Friday Night Lights/Transaction.h"; sourceTree = "<group>"; };
		AE814D6217950E4C001E4866 /* Transaction.m */ = {isa = PBXFileReference; fileEncoding = 4; lastKnownFileType = sourcecode.c.objc; name = Transaction.m; path = "Friday Night Lights/Transaction.m"; sourceTree = "<group>"; };
		AE895C0C1795EEBC0055223A /* TransactionHelper.h */ = {isa = PBXFileReference; fileEncoding = 4; lastKnownFileType = sourcecode.c.h; name = TransactionHelper.h; path = "Friday Night Lights/TransactionHelper.h"; sourceTree = "<group>"; };
		AE895C0D1795EEBC0055223A /* TransactionHelper.m */ = {isa = PBXFileReference; fileEncoding = 4; lastKnownFileType = sourcecode.c.objc; name = TransactionHelper.m; path = "Friday Night Lights/TransactionHelper.m"; sourceTree = "<group>"; };
		AE895C10179638600055223A /* Participant.h */ = {isa = PBXFileReference; fileEncoding = 4; lastKnownFileType = sourcecode.c.h; name = Participant.h; path = "Friday Night Lights/Participant.h"; sourceTree = "<group>"; };
		AE895C11179638600055223A /* Participant.m */ = {isa = PBXFileReference; fileEncoding = 4; lastKnownFileType = sourcecode.c.objc; name = Participant.m; path = "Friday Night Lights/Participant.m"; sourceTree = "<group>"; };
		AE895C2217965F9E0055223A /* TransactionsVC.h */ = {isa = PBXFileReference; fileEncoding = 4; lastKnownFileType = sourcecode.c.h; name = TransactionsVC.h; path = "Friday Night Lights/TransactionsVC.h"; sourceTree = "<group>"; };
		AE895C2317965F9E0055223A /* TransactionsVC.m */ = {isa = PBXFileReference; fileEncoding = 4; lastKnownFileType = sourcecode.c.objc; name = TransactionsVC.m; path = "Friday Night Lights/TransactionsVC.m"; sourceTree = "<group>"; };
		AE895C26179666810055223A /* TransactionsCell.h */ = {isa = PBXFileReference; fileEncoding = 4; lastKnownFileType = sourcecode.c.h; name = TransactionsCell.h; path = "Friday Night Lights/TransactionsCell.h"; sourceTree = "<group>"; };
		AE895C27179666820055223A /* TransactionsCell.m */ = {isa = PBXFileReference; fileEncoding = 4; lastKnownFileType = sourcecode.c.objc; name = TransactionsCell.m; path = "Friday Night Lights/TransactionsCell.m"; sourceTree = "<group>"; };
		AE89ABDF176D426700C06D03 /* Friday Night Lights.app */ = {isa = PBXFileReference; explicitFileType = wrapper.application; includeInIndex = 0; path = "Friday Night Lights.app"; sourceTree = BUILT_PRODUCTS_DIR; };
		AE89ABE2176D426700C06D03 /* UIKit.framework */ = {isa = PBXFileReference; lastKnownFileType = wrapper.framework; name = UIKit.framework; path = System/Library/Frameworks/UIKit.framework; sourceTree = SDKROOT; };
		AE89ABE4176D426700C06D03 /* Foundation.framework */ = {isa = PBXFileReference; lastKnownFileType = wrapper.framework; name = Foundation.framework; path = System/Library/Frameworks/Foundation.framework; sourceTree = SDKROOT; };
		AE89ABE6176D426700C06D03 /* CoreGraphics.framework */ = {isa = PBXFileReference; lastKnownFileType = wrapper.framework; name = CoreGraphics.framework; path = System/Library/Frameworks/CoreGraphics.framework; sourceTree = SDKROOT; };
		AE89ABE8176D426700C06D03 /* CoreData.framework */ = {isa = PBXFileReference; lastKnownFileType = wrapper.framework; name = CoreData.framework; path = System/Library/Frameworks/CoreData.framework; sourceTree = SDKROOT; };
		AE89ABEC176D426700C06D03 /* Friday Night Lights-Info.plist */ = {isa = PBXFileReference; lastKnownFileType = text.plist.xml; path = "Friday Night Lights-Info.plist"; sourceTree = "<group>"; };
		AE89ABEE176D426700C06D03 /* en */ = {isa = PBXFileReference; lastKnownFileType = text.plist.strings; name = en; path = en.lproj/InfoPlist.strings; sourceTree = "<group>"; };
		AE89ABF0176D426700C06D03 /* main.m */ = {isa = PBXFileReference; lastKnownFileType = sourcecode.c.objc; path = main.m; sourceTree = "<group>"; };
		AE89ABF2176D426700C06D03 /* Friday Night Lights-Prefix.pch */ = {isa = PBXFileReference; lastKnownFileType = sourcecode.c.h; path = "Friday Night Lights-Prefix.pch"; sourceTree = "<group>"; };
		AE89ABF3176D426700C06D03 /* AppDelegate.h */ = {isa = PBXFileReference; lastKnownFileType = sourcecode.c.h; path = AppDelegate.h; sourceTree = "<group>"; };
		AE89ABF4176D426700C06D03 /* AppDelegate.m */ = {isa = PBXFileReference; lastKnownFileType = sourcecode.c.objc; path = AppDelegate.m; sourceTree = "<group>"; };
		AE89ABFD176D426700C06D03 /* Friday_Night_Lights.xcdatamodel */ = {isa = PBXFileReference; lastKnownFileType = wrapper.xcdatamodel; path = Friday_Night_Lights.xcdatamodel; sourceTree = "<group>"; };
		AE89AC04176D426700C06D03 /* Friday Night LightsTests.octest */ = {isa = PBXFileReference; explicitFileType = wrapper.cfbundle; includeInIndex = 0; path = "Friday Night LightsTests.octest"; sourceTree = BUILT_PRODUCTS_DIR; };
		AE89AC05176D426700C06D03 /* SenTestingKit.framework */ = {isa = PBXFileReference; lastKnownFileType = wrapper.framework; name = SenTestingKit.framework; path = Library/Frameworks/SenTestingKit.framework; sourceTree = DEVELOPER_DIR; };
		AE89AC0E176D426700C06D03 /* Friday Night LightsTests-Info.plist */ = {isa = PBXFileReference; lastKnownFileType = text.plist.xml; path = "Friday Night LightsTests-Info.plist"; sourceTree = "<group>"; };
		AE89AC10176D426700C06D03 /* en */ = {isa = PBXFileReference; lastKnownFileType = text.plist.strings; name = en; path = en.lproj/InfoPlist.strings; sourceTree = "<group>"; };
		AE89AC12176D426700C06D03 /* Friday_Night_LightsTests.h */ = {isa = PBXFileReference; lastKnownFileType = sourcecode.c.h; path = Friday_Night_LightsTests.h; sourceTree = "<group>"; };
		AE89AC13176D426700C06D03 /* Friday_Night_LightsTests.m */ = {isa = PBXFileReference; lastKnownFileType = sourcecode.c.objc; path = Friday_Night_LightsTests.m; sourceTree = "<group>"; };
		AE89AC29176D4C3300C06D03 /* iPhone.storyboard */ = {isa = PBXFileReference; fileEncoding = 4; lastKnownFileType = file.storyboard; path = iPhone.storyboard; sourceTree = "<group>"; };
		AE89AC30176D4E5300C06D03 /* Model.h */ = {isa = PBXFileReference; fileEncoding = 4; lastKnownFileType = sourcecode.c.h; path = Model.h; sourceTree = "<group>"; };
		AE89AC31176D4E5300C06D03 /* Model.m */ = {isa = PBXFileReference; fileEncoding = 4; lastKnownFileType = sourcecode.c.objc; path = Model.m; sourceTree = "<group>"; };
		AEC5DF16177A0CAA004C697C /* DesignHelper.h */ = {isa = PBXFileReference; fileEncoding = 4; lastKnownFileType = sourcecode.c.h; name = DesignHelper.h; path = "Friday Night Lights/DesignHelper.h"; sourceTree = "<group>"; };
		AEC5DF17177A0CAA004C697C /* DesignHelper.m */ = {isa = PBXFileReference; fileEncoding = 4; lastKnownFileType = sourcecode.c.objc; name = DesignHelper.m; path = "Friday Night Lights/DesignHelper.m"; sourceTree = "<group>"; };
		AEC5DF1A177A0FF8004C697C /* QuartzCore.framework */ = {isa = PBXFileReference; lastKnownFileType = wrapper.framework; name = QuartzCore.framework; path = System/Library/Frameworks/QuartzCore.framework; sourceTree = SDKROOT; };
		AEC5DF1C177A1093004C697C /* ParticipantHelper.h */ = {isa = PBXFileReference; fileEncoding = 4; lastKnownFileType = sourcecode.c.h; name = ParticipantHelper.h; path = "Friday Night Lights/ParticipantHelper.h"; sourceTree = "<group>"; };
		AEC5DF1D177A1093004C697C /* ParticipantHelper.m */ = {isa = PBXFileReference; fileEncoding = 4; lastKnownFileType = sourcecode.c.objc; name = ParticipantHelper.m; path = "Friday Night Lights/ParticipantHelper.m"; sourceTree = "<group>"; };
		AED35F92179384A9009D8ADF /* Icon.png */ = {isa = PBXFileReference; lastKnownFileType = image.png; path = Icon.png; sourceTree = "<group>"; };
		AED35F94179384AE009D8ADF /* Icon@2x.png */ = {isa = PBXFileReference; lastKnownFileType = image.png; path = "Icon@2x.png"; sourceTree = "<group>"; };
		AED35F9A17939871009D8ADF /* Helper.h */ = {isa = PBXFileReference; fileEncoding = 4; lastKnownFileType = sourcecode.c.h; path = Helper.h; sourceTree = "<group>"; };
		AED35F9B17939871009D8ADF /* Helper.m */ = {isa = PBXFileReference; fileEncoding = 4; lastKnownFileType = sourcecode.c.objc; path = Helper.m; sourceTree = "<group>"; };
		AEDC565917778DB50073BA2C /* MessageUI.framework */ = {isa = PBXFileReference; lastKnownFileType = wrapper.framework; name = MessageUI.framework; path = System/Library/Frameworks/MessageUI.framework; sourceTree = SDKROOT; };
		AEE083B61791FA1400371928 /* ConfirmedParticipantsVC.h */ = {isa = PBXFileReference; fileEncoding = 4; lastKnownFileType = sourcecode.c.h; name = ConfirmedParticipantsVC.h; path = "Friday Night Lights/ConfirmedParticipantsVC.h"; sourceTree = "<group>"; };
		AEE083B71791FA1400371928 /* ConfirmedParticipantsVC.m */ = {isa = PBXFileReference; fileEncoding = 4; lastKnownFileType = sourcecode.c.objc; name = ConfirmedParticipantsVC.m; path = "Friday Night Lights/ConfirmedParticipantsVC.m"; sourceTree = "<group>"; };
		AEE083B917937CBF00371928 /* hockeyStick.png */ = {isa = PBXFileReference; lastKnownFileType = image.png; path = hockeyStick.png; sourceTree = "<group>"; };
		AEE083BA17937CBF00371928 /* hockeyStick@2x.png */ = {isa = PBXFileReference; lastKnownFileType = image.png; path = "hockeyStick@2x.png"; sourceTree = "<group>"; };
		AEF3E02D17795F70002F1D4C /* EventDetailVC.h */ = {isa = PBXFileReference; fileEncoding = 4; lastKnownFileType = sourcecode.c.h; name = EventDetailVC.h; path = "Friday Night Lights/EventDetailVC.h"; sourceTree = "<group>"; };
		AEF3E02E17795F70002F1D4C /* EventDetailVC.m */ = {isa = PBXFileReference; fileEncoding = 4; lastKnownFileType = sourcecode.c.objc; name = EventDetailVC.m; path = "Friday Night Lights/EventDetailVC.m"; sourceTree = "<group>"; };
		AEF3E03117796DB1002F1D4C /* UITableView+Helpers.h */ = {isa = PBXFileReference; fileEncoding = 4; lastKnownFileType = sourcecode.c.h; name = "UITableView+Helpers.h"; path = "Friday Night Lights/UITableView+Helpers.h"; sourceTree = "<group>"; };
		AEF3E03217796DB1002F1D4C /* UITableView+Helpers.m */ = {isa = PBXFileReference; fileEncoding = 4; lastKnownFileType = sourcecode.c.objc; name = "UITableView+Helpers.m"; path = "Friday Night Lights/UITableView+Helpers.m"; sourceTree = "<group>"; };
		AEF3E035177973C6002F1D4C /* MessageHelper.h */ = {isa = PBXFileReference; fileEncoding = 4; lastKnownFileType = sourcecode.c.h; name = MessageHelper.h; path = "Friday Night Lights/MessageHelper.h"; sourceTree = "<group>"; };
		AEF3E036177973C6002F1D4C /* MessageHelper.m */ = {isa = PBXFileReference; fileEncoding = 4; lastKnownFileType = sourcecode.c.objc; name = MessageHelper.m; path = "Friday Night Lights/MessageHelper.m"; sourceTree = "<group>"; };
/* End PBXFileReference section */

/* Begin PBXFrameworksBuildPhase section */
		AE89ABDC176D426700C06D03 /* Frameworks */ = {
			isa = PBXFrameworksBuildPhase;
			buildActionMask = 2147483647;
			files = (
				AE3256C71794E0F10061BBF1 /* libz.dylib in Frameworks */,
				AEC5DF1B177A0FF8004C697C /* QuartzCore.framework in Frameworks */,
				AEDC565A17778DB50073BA2C /* MessageUI.framework in Frameworks */,
				AE25FFE2176E778F00955426 /* AddressBook.framework in Frameworks */,
				AE25FFE3176E778F00955426 /* AddressBookUI.framework in Frameworks */,
				AE89ABE3176D426700C06D03 /* UIKit.framework in Frameworks */,
				AE89ABE5176D426700C06D03 /* Foundation.framework in Frameworks */,
				AE89ABE7176D426700C06D03 /* CoreGraphics.framework in Frameworks */,
				AE89ABE9176D426700C06D03 /* CoreData.framework in Frameworks */,
				AE3256C01794E0990061BBF1 /* libTestFlight.a in Frameworks */,
			);
			runOnlyForDeploymentPostprocessing = 0;
		};
		AE89AC00176D426700C06D03 /* Frameworks */ = {
			isa = PBXFrameworksBuildPhase;
			buildActionMask = 2147483647;
			files = (
				AE89AC06176D426700C06D03 /* SenTestingKit.framework in Frameworks */,
				AE89AC07176D426700C06D03 /* UIKit.framework in Frameworks */,
				AE89AC08176D426700C06D03 /* Foundation.framework in Frameworks */,
				AE89AC09176D426700C06D03 /* CoreData.framework in Frameworks */,
				AE3256C11794E0990061BBF1 /* libTestFlight.a in Frameworks */,
			);
			runOnlyForDeploymentPostprocessing = 0;
		};
/* End PBXFrameworksBuildPhase section */

/* Begin PBXGroup section */
		AE0E42C3176DFFC300A050BE /* Participants */ = {
			isa = PBXGroup;
			children = (
				AE18BA43179888CC0014EAEB /* ParticipantsCell.h */,
				AE18BA44179888CC0014EAEB /* ParticipantsCell.m */,
				AE895C10179638600055223A /* Participant.h */,
				AE895C11179638600055223A /* Participant.m */,
				AE3256C81794E5F90061BBF1 /* ConfirmedEventsVC.h */,
				AE3256C91794E5F90061BBF1 /* ConfirmedEventsVC.m */,
				AE0E42BF176DFF8900A050BE /* ParticipantDetailVC.h */,
				AE0E42C0176DFF8900A050BE /* ParticipantDetailVC.m */,
				AEC5DF1C177A1093004C697C /* ParticipantHelper.h */,
				AEC5DF1D177A1093004C697C /* ParticipantHelper.m */,
				AE0E42BB176D592100A050BE /* ParticipantsVC.h */,
				AE0E42BC176D592100A050BE /* ParticipantsVC.m */,
				AE814D5917950157001E4866 /* TransactionDetailVC.h */,
				AE814D5A17950157001E4866 /* TransactionDetailVC.m */,
			);
			name = Participants;
			sourceTree = "<group>";
		};
		AE0E42C4176DFFDA00A050BE /* Events */ = {
			isa = PBXGroup;
			children = (
				AE18BA3F1798813D0014EAEB /* EventsCell.h */,
				AE18BA401798813D0014EAEB /* EventsCell.m */,
				AE18DDC3177601470082FCFE /* AddEventVC.h */,
				AE18DDC4177601470082FCFE /* AddEventVC.m */,
				AEE083B61791FA1400371928 /* ConfirmedParticipantsVC.h */,
				AEE083B71791FA1400371928 /* ConfirmedParticipantsVC.m */,
				AE18DD9B1774B0920082FCFE /* Event.h */,
				AE18DD9C1774B0920082FCFE /* Event.m */,
				AE18DDA31774C3DE0082FCFE /* EventAttributeCell.h */,
				AE18DDA41774C3DE0082FCFE /* EventAttributeCell.m */,
				AEF3E02D17795F70002F1D4C /* EventDetailVC.h */,
				AEF3E02E17795F70002F1D4C /* EventDetailVC.m */,
				AE18DD9F1774B2840082FCFE /* EventDetailVCOld.h */,
				AE18DDA01774B2840082FCFE /* EventDetailVCOld.m */,
				AE18DDDB177630E00082FCFE /* EventHelper.h */,
				AE18DDDC177630E00082FCFE /* EventHelper.m */,
				AE18DD971774ADF50082FCFE /* EventsVC.h */,
				AE18DD981774ADF50082FCFE /* EventsVC.m */,
			);
			name = Events;
			sourceTree = "<group>";
		};
		AE18BA3817985ED10014EAEB /* Admin */ = {
			isa = PBXGroup;
			children = (
				AE18BA3417985EB40014EAEB /* AdminVC.h */,
				AE18BA3517985EB40014EAEB /* AdminVC.m */,
				AE0F2CAF179F248700EF2CE4 /* CHCSVParser.h */,
				AE0F2CB0179F248700EF2CE4 /* CHCSVParser.m */,
				AE0F2CAB179F0C9B00EF2CE4 /* CsvApi.h */,
				AE0F2CAC179F0C9B00EF2CE4 /* CsvApi.m */,
				AE0F2CA7179F01CD00EF2CE4 /* FileHelper.h */,
				AE0F2CA8179F01CE00EF2CE4 /* FileHelper.m */,
			);
			name = Admin;
			sourceTree = "<group>";
		};
		AE18BA5317989E690014EAEB /* Launch */ = {
			isa = PBXGroup;
			children = (
				AE18BA5A17989F750014EAEB /* Default@2x.png */,
				AE18BA5817989F690014EAEB /* Default.png */,
				AE18BA5117989E520014EAEB /* Default-568h@2x.png */,
			);
			path = Launch;
			sourceTree = "<group>";
		};
		AE18DD8A17749D050082FCFE /* Helpers */ = {
			isa = PBXGroup;
			children = (
				AE18DDAF1774FA7D0082FCFE /* TDSemiModalDatePicker */,
				AE12389B176F71A5009FC5EB /* AddressBookHelper.h */,
				AE12389C176F71A5009FC5EB /* AddressBookHelper.m */,
				AEC5DF16177A0CAA004C697C /* DesignHelper.h */,
				AEC5DF17177A0CAA004C697C /* DesignHelper.m */,
				AEF3E035177973C6002F1D4C /* MessageHelper.h */,
				AEF3E036177973C6002F1D4C /* MessageHelper.m */,
				AE18DDCF17762E4B0082FCFE /* NSDate+Helpers.h */,
				AE18DDD017762E4C0082FCFE /* NSDate+Helpers.m */,
				AE18DDC717760FE50082FCFE /* NSString+Helpers.h */,
				AE18DDC817760FE50082FCFE /* NSString+Helpers.m */,
				AE1238A3176F76C6009FC5EB /* UIAlertView+Helpers.h */,
				AE1238A4176F76C6009FC5EB /* UIAlertView+Helpers.m */,
				AEF3E03117796DB1002F1D4C /* UITableView+Helpers.h */,
				AEF3E03217796DB1002F1D4C /* UITableView+Helpers.m */,
			);
			name = Helpers;
			sourceTree = "<group>";
		};
		AE18DDAF1774FA7D0082FCFE /* TDSemiModalDatePicker */ = {
			isa = PBXGroup;
			children = (
				AE18DDB01774FA7D0082FCFE /* TDDatePickerController.h */,
				AE18DDB11774FA7D0082FCFE /* TDDatePickerController.m */,
				AE18DDB21774FA7D0082FCFE /* TDDatePickerController.xib */,
				AE18DDB31774FA7D0082FCFE /* TDSemiModal.h */,
				AE18DDB41774FA7D0082FCFE /* TDSemiModalViewController.h */,
				AE18DDB51774FA7D0082FCFE /* TDSemiModalViewController.m */,
				AE18DDB61774FA7D0082FCFE /* UIViewController+TDSemiModalExtension.h */,
				AE18DDB71774FA7D0082FCFE /* UIViewController+TDSemiModalExtension.m */,
			);
			name = TDSemiModalDatePicker;
			path = "Friday Night Lights/TDSemiModalDatePicker";
			sourceTree = "<group>";
		};
		AE3256BB1794E0990061BBF1 /* TestFlightSDK1.2.6 */ = {
			isa = PBXGroup;
			children = (
				AE3256BC1794E0990061BBF1 /* libTestFlight.a */,
				AE3256BD1794E0990061BBF1 /* README.md */,
				AE3256BE1794E0990061BBF1 /* release_notes.md */,
				AE3256BF1794E0990061BBF1 /* TestFlight.h */,
			);
			path = TestFlightSDK1.2.6;
			sourceTree = "<group>";
		};
		AE4F155C1781E6C700650410 /* Resources */ = {
			isa = PBXGroup;
			children = (
				AE18BA5317989E690014EAEB /* Launch */,
				AE4F155D1781E6C700650410 /* Icons */,
				AE4F15611781E6C700650410 /* Theme */,
			);
			name = Resources;
			path = "Friday Night Lights/Resources";
			sourceTree = "<group>";
		};
		AE4F155D1781E6C700650410 /* Icons */ = {
			isa = PBXGroup;
			children = (
				AE18BA39179879CD0014EAEB /* briefcase.png */,
				AE18BA3A179879CD0014EAEB /* briefcase@2x.png */,
				AE4F155E1781E6C700650410 /* calendar.png */,
				AE4F155F1781E6C700650410 /* calendar@2x.png */,
				AEE083B917937CBF00371928 /* hockeyStick.png */,
				AEE083BA17937CBF00371928 /* hockeyStick@2x.png */,
				AED35F92179384A9009D8ADF /* Icon.png */,
				AED35F94179384AE009D8ADF /* Icon@2x.png */,
				AE4F15601781E6C700650410 /* team.png */,
				AE4F16221781E88700650410 /* team@2x.png */,
			);
			path = Icons;
			sourceTree = "<group>";
		};
		AE4F15611781E6C700650410 /* Theme */ = {
			isa = PBXGroup;
			children = (
			);
			path = Theme;
			sourceTree = "<group>";
		};
		AE814D6517950E51001E4866 /* Transactions */ = {
			isa = PBXGroup;
			children = (
				AE895C26179666810055223A /* TransactionsCell.h */,
				AE895C27179666820055223A /* TransactionsCell.m */,
				AE895C2217965F9E0055223A /* TransactionsVC.h */,
				AE895C2317965F9E0055223A /* TransactionsVC.m */,
				AE895C0C1795EEBC0055223A /* TransactionHelper.h */,
				AE895C0D1795EEBC0055223A /* TransactionHelper.m */,
				AE814D6117950E4C001E4866 /* Transaction.h */,
				AE814D6217950E4C001E4866 /* Transaction.m */,
			);
			name = Transactions;
			sourceTree = "<group>";
		};
		AE89ABD6176D426700C06D03 = {
			isa = PBXGroup;
			children = (
				AE18BA3817985ED10014EAEB /* Admin */,
				AE89ABEA176D426700C06D03 /* App Control */,
				AE0E42C4176DFFDA00A050BE /* Events */,
				AE89ABE1176D426700C06D03 /* Frameworks */,
				AE18DD8A17749D050082FCFE /* Helpers */,
				AE0E42C3176DFFC300A050BE /* Participants */,
				AE89ABE0176D426700C06D03 /* Products */,
				AE4F155C1781E6C700650410 /* Resources */,
				AE89AC0C176D426700C06D03 /* Tests */,
				AE814D6517950E51001E4866 /* Transactions */,
			);
			sourceTree = "<group>";
		};
		AE89ABE0176D426700C06D03 /* Products */ = {
			isa = PBXGroup;
			children = (
				AE89ABDF176D426700C06D03 /* Friday Night Lights.app */,
				AE89AC04176D426700C06D03 /* Friday Night LightsTests.octest */,
			);
			name = Products;
			sourceTree = "<group>";
		};
		AE89ABE1176D426700C06D03 /* Frameworks */ = {
			isa = PBXGroup;
			children = (
				AE3256C61794E0F10061BBF1 /* libz.dylib */,
				AEC5DF1A177A0FF8004C697C /* QuartzCore.framework */,
				AEDC565917778DB50073BA2C /* MessageUI.framework */,
				AE25FFE0176E778F00955426 /* AddressBook.framework */,
				AE25FFE1176E778F00955426 /* AddressBookUI.framework */,
				AE89ABE2176D426700C06D03 /* UIKit.framework */,
				AE89ABE4176D426700C06D03 /* Foundation.framework */,
				AE89ABE6176D426700C06D03 /* CoreGraphics.framework */,
				AE89ABE8176D426700C06D03 /* CoreData.framework */,
				AE89AC05176D426700C06D03 /* SenTestingKit.framework */,
			);
			name = Frameworks;
			sourceTree = "<group>";
		};
		AE89ABEA176D426700C06D03 /* App Control */ = {
			isa = PBXGroup;
			children = (
				AE89ABEB176D426700C06D03 /* Supporting Files */,
				AE3256BB1794E0990061BBF1 /* TestFlightSDK1.2.6 */,
				AE89ABF3176D426700C06D03 /* AppDelegate.h */,
				AE89ABF4176D426700C06D03 /* AppDelegate.m */,
				AE89ABFC176D426700C06D03 /* Friday_Night_Lights.xcdatamodeld */,
				AE89AC29176D4C3300C06D03 /* iPhone.storyboard */,
				AED35F9A17939871009D8ADF /* Helper.h */,
				AED35F9B17939871009D8ADF /* Helper.m */,
				AE89AC30176D4E5300C06D03 /* Model.h */,
				AE89AC31176D4E5300C06D03 /* Model.m */,
			);
			name = "App Control";
			path = "Friday Night Lights";
			sourceTree = "<group>";
		};
		AE89ABEB176D426700C06D03 /* Supporting Files */ = {
			isa = PBXGroup;
			children = (
				AE89ABEC176D426700C06D03 /* Friday Night Lights-Info.plist */,
				AE89ABED176D426700C06D03 /* InfoPlist.strings */,
				AE89ABF0176D426700C06D03 /* main.m */,
				AE89ABF2176D426700C06D03 /* Friday Night Lights-Prefix.pch */,
			);
			name = "Supporting Files";
			sourceTree = "<group>";
		};
		AE89AC0C176D426700C06D03 /* Tests */ = {
			isa = PBXGroup;
			children = (
				AE89AC12176D426700C06D03 /* Friday_Night_LightsTests.h */,
				AE89AC13176D426700C06D03 /* Friday_Night_LightsTests.m */,
				AE89AC0D176D426700C06D03 /* Supporting Files */,
			);
			name = Tests;
			path = "Friday Night LightsTests";
			sourceTree = "<group>";
		};
		AE89AC0D176D426700C06D03 /* Supporting Files */ = {
			isa = PBXGroup;
			children = (
				AE89AC0E176D426700C06D03 /* Friday Night LightsTests-Info.plist */,
				AE89AC0F176D426700C06D03 /* InfoPlist.strings */,
			);
			name = "Supporting Files";
			sourceTree = "<group>";
		};
/* End PBXGroup section */

/* Begin PBXNativeTarget section */
		AE89ABDE176D426700C06D03 /* Friday Night Lights */ = {
			isa = PBXNativeTarget;
			buildConfigurationList = AE89AC17176D426700C06D03 /* Build configuration list for PBXNativeTarget "Friday Night Lights" */;
			buildPhases = (
				AE89ABDB176D426700C06D03 /* Sources */,
				AE89ABDC176D426700C06D03 /* Frameworks */,
				AE89ABDD176D426700C06D03 /* Resources */,
			);
			buildRules = (
			);
			dependencies = (
			);
			name = "Friday Night Lights";
			productName = "Friday Night Lights";
			productReference = AE89ABDF176D426700C06D03 /* Friday Night Lights.app */;
			productType = "com.apple.product-type.application";
		};
		AE89AC03176D426700C06D03 /* Friday Night LightsTests */ = {
			isa = PBXNativeTarget;
			buildConfigurationList = AE89AC1A176D426700C06D03 /* Build configuration list for PBXNativeTarget "Friday Night LightsTests" */;
			buildPhases = (
				AE89ABFF176D426700C06D03 /* Sources */,
				AE89AC00176D426700C06D03 /* Frameworks */,
				AE89AC01176D426700C06D03 /* Resources */,
				AE89AC02176D426700C06D03 /* ShellScript */,
			);
			buildRules = (
			);
			dependencies = (
				AE89AC0B176D426700C06D03 /* PBXTargetDependency */,
			);
			name = "Friday Night LightsTests";
			productName = "Friday Night LightsTests";
			productReference = AE89AC04176D426700C06D03 /* Friday Night LightsTests.octest */;
			productType = "com.apple.product-type.bundle";
		};
/* End PBXNativeTarget section */

/* Begin PBXProject section */
		AE89ABD7176D426700C06D03 /* Project object */ = {
			isa = PBXProject;
			attributes = {
				CLASSPREFIX = "";
				LastUpgradeCheck = 0500;
				ORGANIZATIONNAME = "Sundeep Gupta";
			};
			buildConfigurationList = AE89ABDA176D426700C06D03 /* Build configuration list for PBXProject "Friday Night Lights" */;
			compatibilityVersion = "Xcode 3.2";
			developmentRegion = English;
			hasScannedForEncodings = 0;
			knownRegions = (
				en,
			);
			mainGroup = AE89ABD6176D426700C06D03;
			productRefGroup = AE89ABE0176D426700C06D03 /* Products */;
			projectDirPath = "";
			projectRoot = "";
			targets = (
				AE89ABDE176D426700C06D03 /* Friday Night Lights */,
				AE89AC03176D426700C06D03 /* Friday Night LightsTests */,
			);
		};
/* End PBXProject section */

/* Begin PBXResourcesBuildPhase section */
		AE89ABDD176D426700C06D03 /* Resources */ = {
			isa = PBXResourcesBuildPhase;
			buildActionMask = 2147483647;
			files = (
				AE89ABEF176D426700C06D03 /* InfoPlist.strings in Resources */,
				AE89AC2A176D4C3300C06D03 /* iPhone.storyboard in Resources */,
				AE18DDBA1774FA7D0082FCFE /* TDDatePickerController.xib in Resources */,
				AE4F15A01781E6C700650410 /* calendar.png in Resources */,
				AE4F15A21781E6C700650410 /* calendar@2x.png in Resources */,
				AE4F15A41781E6C700650410 /* team.png in Resources */,
				AE4F16231781E88700650410 /* team@2x.png in Resources */,
				AEE083BB17937CBF00371928 /* hockeyStick.png in Resources */,
				AEE083BC17937CBF00371928 /* hockeyStick@2x.png in Resources */,
				AED35F93179384A9009D8ADF /* Icon.png in Resources */,
				AED35F95179384AE009D8ADF /* Icon@2x.png in Resources */,
				AE3256C21794E0990061BBF1 /* README.md in Resources */,
				AE3256C41794E0990061BBF1 /* release_notes.md in Resources */,
				AE18BA3B179879CD0014EAEB /* briefcase.png in Resources */,
				AE18BA3D179879CD0014EAEB /* briefcase@2x.png in Resources */,
				AE18BA5217989E520014EAEB /* Default-568h@2x.png in Resources */,
				AE18BA5917989F690014EAEB /* Default.png in Resources */,
				AE18BA5B17989F750014EAEB /* Default@2x.png in Resources */,
			);
			runOnlyForDeploymentPostprocessing = 0;
		};
		AE89AC01176D426700C06D03 /* Resources */ = {
			isa = PBXResourcesBuildPhase;
			buildActionMask = 2147483647;
			files = (
				AE89AC11176D426700C06D03 /* InfoPlist.strings in Resources */,
				AE89AC2B176D4C3300C06D03 /* iPhone.storyboard in Resources */,
				AE18DDBB1774FA7D0082FCFE /* TDDatePickerController.xib in Resources */,
				AE4F15A11781E6C700650410 /* calendar.png in Resources */,
				AE4F15A31781E6C700650410 /* calendar@2x.png in Resources */,
				AE4F15A51781E6C700650410 /* team.png in Resources */,
				AE4F16241781E88700650410 /* team@2x.png in Resources */,
				AE3256C31794E0990061BBF1 /* README.md in Resources */,
				AE3256C51794E0990061BBF1 /* release_notes.md in Resources */,
				AE18BA3C179879CD0014EAEB /* briefcase.png in Resources */,
				AE18BA3E179879CD0014EAEB /* briefcase@2x.png in Resources */,
			);
			runOnlyForDeploymentPostprocessing = 0;
		};
/* End PBXResourcesBuildPhase section */

/* Begin PBXShellScriptBuildPhase section */
		AE89AC02176D426700C06D03 /* ShellScript */ = {
			isa = PBXShellScriptBuildPhase;
			buildActionMask = 2147483647;
			files = (
			);
			inputPaths = (
			);
			outputPaths = (
			);
			runOnlyForDeploymentPostprocessing = 0;
			shellPath = /bin/sh;
			shellScript = "# Run the unit tests in this test bundle.\n\"${SYSTEM_DEVELOPER_DIR}/Tools/RunUnitTests\"\n";
		};
/* End PBXShellScriptBuildPhase section */

/* Begin PBXSourcesBuildPhase section */
		AE89ABDB176D426700C06D03 /* Sources */ = {
			isa = PBXSourcesBuildPhase;
			buildActionMask = 2147483647;
			files = (
				AE89ABF1176D426700C06D03 /* main.m in Sources */,
				AE89ABF5176D426700C06D03 /* AppDelegate.m in Sources */,
				AE89ABFE176D426700C06D03 /* Friday_Night_Lights.xcdatamodeld in Sources */,
				AE89AC32176D4E5300C06D03 /* Model.m in Sources */,
				AE0E42BD176D592100A050BE /* ParticipantsVC.m in Sources */,
				AE0E42C1176DFF8900A050BE /* ParticipantDetailVC.m in Sources */,
				AE12389D176F71A5009FC5EB /* AddressBookHelper.m in Sources */,
				AE1238A5176F76C6009FC5EB /* UIAlertView+Helpers.m in Sources */,
				AE18DD991774ADF50082FCFE /* EventsVC.m in Sources */,
				AE18DD9D1774B0920082FCFE /* Event.m in Sources */,
				AE18DDA11774B2840082FCFE /* EventDetailVCOld.m in Sources */,
				AE18DDA51774C3DE0082FCFE /* EventAttributeCell.m in Sources */,
				AE18DDB81774FA7D0082FCFE /* TDDatePickerController.m in Sources */,
				AE18DDBC1774FA7D0082FCFE /* TDSemiModalViewController.m in Sources */,
				AE18DDBE1774FA7D0082FCFE /* UIViewController+TDSemiModalExtension.m in Sources */,
				AE18DDC5177601480082FCFE /* AddEventVC.m in Sources */,
				AE18DDC917760FE50082FCFE /* NSString+Helpers.m in Sources */,
				AE18DDD117762E4C0082FCFE /* NSDate+Helpers.m in Sources */,
				AE18DDDD177630E00082FCFE /* EventHelper.m in Sources */,
				AEF3E02F17795F70002F1D4C /* EventDetailVC.m in Sources */,
				AEF3E03317796DB1002F1D4C /* UITableView+Helpers.m in Sources */,
				AEF3E037177973C6002F1D4C /* MessageHelper.m in Sources */,
				AEC5DF18177A0CAA004C697C /* DesignHelper.m in Sources */,
				AEC5DF1E177A1093004C697C /* ParticipantHelper.m in Sources */,
				AEE083B81791FA1400371928 /* ConfirmedParticipantsVC.m in Sources */,
				AED35F9C17939871009D8ADF /* Helper.m in Sources */,
				AE3256CA1794E5FA0061BBF1 /* ConfirmedEventsVC.m in Sources */,
				AE814D5B17950157001E4866 /* TransactionDetailVC.m in Sources */,
				AE814D6317950E4C001E4866 /* Transaction.m in Sources */,
				AE895C0E1795EEBC0055223A /* TransactionHelper.m in Sources */,
				AE895C12179638600055223A /* Participant.m in Sources */,
				AE895C2417965F9E0055223A /* TransactionsVC.m in Sources */,
				AE895C28179666820055223A /* TransactionsCell.m in Sources */,
				AE18BA3617985EB40014EAEB /* AdminVC.m in Sources */,
				AE18BA411798813E0014EAEB /* EventsCell.m in Sources */,
				AE18BA45179888CC0014EAEB /* ParticipantsCell.m in Sources */,
				AE0F2CA9179F01CE00EF2CE4 /* FileHelper.m in Sources */,
				AE0F2CAD179F0C9B00EF2CE4 /* CsvApi.m in Sources */,
				AE0F2CB1179F248700EF2CE4 /* CHCSVParser.m in Sources */,
			);
			runOnlyForDeploymentPostprocessing = 0;
		};
		AE89ABFF176D426700C06D03 /* Sources */ = {
			isa = PBXSourcesBuildPhase;
			buildActionMask = 2147483647;
			files = (
				AE89AC14176D426700C06D03 /* Friday_Night_LightsTests.m in Sources */,
				AE89AC20176D458500C06D03 /* Friday_Night_Lights.xcdatamodeld in Sources */,
				AE89AC33176D4E5300C06D03 /* Model.m in Sources */,
				AE0E42BE176D592100A050BE /* ParticipantsVC.m in Sources */,
				AE0E42C2176DFF8900A050BE /* ParticipantDetailVC.m in Sources */,
				AE12389E176F71A5009FC5EB /* AddressBookHelper.m in Sources */,
				AE1238A6176F76C6009FC5EB /* UIAlertView+Helpers.m in Sources */,
				AE18DD9A1774ADF50082FCFE /* EventsVC.m in Sources */,
				AE18DD9E1774B0920082FCFE /* Event.m in Sources */,
				AE18DDA21774B2840082FCFE /* EventDetailVCOld.m in Sources */,
				AE18DDA61774C3DE0082FCFE /* EventAttributeCell.m in Sources */,
				AE18DDB91774FA7D0082FCFE /* TDDatePickerController.m in Sources */,
				AE18DDBD1774FA7D0082FCFE /* TDSemiModalViewController.m in Sources */,
				AE18DDBF1774FA7D0082FCFE /* UIViewController+TDSemiModalExtension.m in Sources */,
				AE18DDC6177601480082FCFE /* AddEventVC.m in Sources */,
				AE18DDCA17760FE50082FCFE /* NSString+Helpers.m in Sources */,
				AE18DDD217762E4C0082FCFE /* NSDate+Helpers.m in Sources */,
				AE18DDDE177630E00082FCFE /* EventHelper.m in Sources */,
				AEF3E03017795F70002F1D4C /* EventDetailVC.m in Sources */,
				AEF3E03417796DB1002F1D4C /* UITableView+Helpers.m in Sources */,
				AEF3E038177973C6002F1D4C /* MessageHelper.m in Sources */,
				AEC5DF19177A0CAA004C697C /* DesignHelper.m in Sources */,
				AEC5DF1F177A1093004C697C /* ParticipantHelper.m in Sources */,
				AED35F9D17939871009D8ADF /* Helper.m in Sources */,
				AE3256CB1794E5FA0061BBF1 /* ConfirmedEventsVC.m in Sources */,
				AE814D5C17950157001E4866 /* TransactionDetailVC.m in Sources */,
				AE814D6417950E4C001E4866 /* Transaction.m in Sources */,
				AE895C0F1795EEBC0055223A /* TransactionHelper.m in Sources */,
				AE895C13179638600055223A /* Participant.m in Sources */,
				AE895C2517965F9E0055223A /* TransactionsVC.m in Sources */,
				AE895C29179666820055223A /* TransactionsCell.m in Sources */,
				AE18BA3717985EB40014EAEB /* AdminVC.m in Sources */,
				AE18BA421798813E0014EAEB /* EventsCell.m in Sources */,
				AE18BA46179888CC0014EAEB /* ParticipantsCell.m in Sources */,
				AE0F2CAA179F01CE00EF2CE4 /* FileHelper.m in Sources */,
				AE0F2CAE179F0C9B00EF2CE4 /* CsvApi.m in Sources */,
				AE0F2CB2179F248700EF2CE4 /* CHCSVParser.m in Sources */,
			);
			runOnlyForDeploymentPostprocessing = 0;
		};
/* End PBXSourcesBuildPhase section */

/* Begin PBXTargetDependency section */
		AE89AC0B176D426700C06D03 /* PBXTargetDependency */ = {
			isa = PBXTargetDependency;
			target = AE89ABDE176D426700C06D03 /* Friday Night Lights */;
			targetProxy = AE89AC0A176D426700C06D03 /* PBXContainerItemProxy */;
		};
/* End PBXTargetDependency section */

/* Begin PBXVariantGroup section */
		AE89ABED176D426700C06D03 /* InfoPlist.strings */ = {
			isa = PBXVariantGroup;
			children = (
				AE89ABEE176D426700C06D03 /* en */,
			);
			name = InfoPlist.strings;
			sourceTree = "<group>";
		};
		AE89AC0F176D426700C06D03 /* InfoPlist.strings */ = {
			isa = PBXVariantGroup;
			children = (
				AE89AC10176D426700C06D03 /* en */,
			);
			name = InfoPlist.strings;
			sourceTree = "<group>";
		};
/* End PBXVariantGroup section */

/* Begin XCBuildConfiguration section */
		AE89AC15176D426700C06D03 /* Debug */ = {
			isa = XCBuildConfiguration;
			buildSettings = {
				ALWAYS_SEARCH_USER_PATHS = NO;
				CLANG_CXX_LANGUAGE_STANDARD = "gnu++0x";
				CLANG_CXX_LIBRARY = "libc++";
				CLANG_ENABLE_OBJC_ARC = YES;
				CLANG_WARN_CONSTANT_CONVERSION = YES;
				CLANG_WARN_EMPTY_BODY = YES;
				CLANG_WARN_ENUM_CONVERSION = YES;
				CLANG_WARN_INT_CONVERSION = YES;
				CLANG_WARN__DUPLICATE_METHOD_MATCH = YES;
				"CODE_SIGN_IDENTITY[sdk=iphoneos*]" = "iPhone Developer";
				COPY_PHASE_STRIP = NO;
				GCC_C_LANGUAGE_STANDARD = gnu99;
				GCC_DYNAMIC_NO_PIC = NO;
				GCC_OPTIMIZATION_LEVEL = 0;
				GCC_PREPROCESSOR_DEFINITIONS = (
					"DEBUG=1",
					"$(inherited)",
				);
				GCC_SYMBOLS_PRIVATE_EXTERN = NO;
				GCC_WARN_ABOUT_RETURN_TYPE = YES;
				GCC_WARN_UNINITIALIZED_AUTOS = YES;
				GCC_WARN_UNUSED_VARIABLE = YES;
				IPHONEOS_DEPLOYMENT_TARGET = 7.0;
				ONLY_ACTIVE_ARCH = YES;
				SDKROOT = iphoneos;
				TARGETED_DEVICE_FAMILY = "1,2";
			};
			name = Debug;
		};
		AE89AC16176D426700C06D03 /* Release */ = {
			isa = XCBuildConfiguration;
			buildSettings = {
				ALWAYS_SEARCH_USER_PATHS = NO;
				CLANG_CXX_LANGUAGE_STANDARD = "gnu++0x";
				CLANG_CXX_LIBRARY = "libc++";
				CLANG_ENABLE_OBJC_ARC = YES;
				CLANG_WARN_CONSTANT_CONVERSION = YES;
				CLANG_WARN_EMPTY_BODY = YES;
				CLANG_WARN_ENUM_CONVERSION = YES;
				CLANG_WARN_INT_CONVERSION = YES;
				CLANG_WARN__DUPLICATE_METHOD_MATCH = YES;
				"CODE_SIGN_IDENTITY[sdk=iphoneos*]" = "iPhone Developer";
				COPY_PHASE_STRIP = YES;
				GCC_C_LANGUAGE_STANDARD = gnu99;
				GCC_WARN_ABOUT_RETURN_TYPE = YES;
				GCC_WARN_UNINITIALIZED_AUTOS = YES;
				GCC_WARN_UNUSED_VARIABLE = YES;
				IPHONEOS_DEPLOYMENT_TARGET = 7.0;
				OTHER_CFLAGS = "-DNS_BLOCK_ASSERTIONS=1";
				SDKROOT = iphoneos;
				TARGETED_DEVICE_FAMILY = "1,2";
				VALIDATE_PRODUCT = YES;
			};
			name = Release;
		};
		AE89AC18176D426700C06D03 /* Debug */ = {
			isa = XCBuildConfiguration;
			buildSettings = {
				CODE_SIGN_IDENTITY = "iPhone Developer: John Lai (6BZ73W39V5)";
				"CODE_SIGN_IDENTITY[sdk=iphoneos*]" = "iPhone Developer: John Lai (6BZ73W39V5)";
				GCC_PRECOMPILE_PREFIX_HEADER = YES;
				GCC_PREFIX_HEADER = "Friday Night Lights/Friday Night Lights-Prefix.pch";
				INFOPLIST_FILE = "Friday Night Lights/Friday Night Lights-Info.plist";
				IPHONEOS_DEPLOYMENT_TARGET = 6.0;
				LIBRARY_SEARCH_PATHS = (
					"$(inherited)",
					"\"$(SRCROOT)/Friday Night Lights/TestFlightSDK1.2.6\"",
				);
				PRODUCT_NAME = "$(TARGET_NAME)";
				PROVISIONING_PROFILE = "157B1F77-9403-40C1-823C-83B4546604EA";
				"PROVISIONING_PROFILE[sdk=iphoneos*]" = "157B1F77-9403-40C1-823C-83B4546604EA";
				TARGETED_DEVICE_FAMILY = 1;
				WRAPPER_EXTENSION = app;
			};
			name = Debug;
		};
		AE89AC19176D426700C06D03 /* Release */ = {
			isa = XCBuildConfiguration;
			buildSettings = {
				CODE_SIGN_IDENTITY = "iPhone Distribution: Evermight";
				"CODE_SIGN_IDENTITY[sdk=iphoneos*]" = "iPhone Distribution: Evermight";
				GCC_PRECOMPILE_PREFIX_HEADER = YES;
				GCC_PREFIX_HEADER = "Friday Night Lights/Friday Night Lights-Prefix.pch";
				INFOPLIST_FILE = "Friday Night Lights/Friday Night Lights-Info.plist";
				IPHONEOS_DEPLOYMENT_TARGET = 6.0;
				LIBRARY_SEARCH_PATHS = (
					"$(inherited)",
					"\"$(SRCROOT)/Friday Night Lights/TestFlightSDK1.2.6\"",
				);
				PRODUCT_NAME = "$(TARGET_NAME)";
				PROVISIONING_PROFILE = "2FBAF1AD-A0CE-49E7-9B5F-60EF5707D20C";
				"PROVISIONING_PROFILE[sdk=iphoneos*]" = "2FBAF1AD-A0CE-49E7-9B5F-60EF5707D20C";
				TARGETED_DEVICE_FAMILY = 1;
				WRAPPER_EXTENSION = app;
			};
			name = Release;
		};
		AE89AC1B176D426700C06D03 /* Debug */ = {
			isa = XCBuildConfiguration;
			buildSettings = {
				BUNDLE_LOADER = "$(BUILT_PRODUCTS_DIR)/Friday Night Lights.app/Friday Night Lights";
				FRAMEWORK_SEARCH_PATHS = (
					"\"$(SDKROOT)/Developer/Library/Frameworks\"",
					"\"$(DEVELOPER_LIBRARY_DIR)/Frameworks\"",
				);
				GCC_PRECOMPILE_PREFIX_HEADER = YES;
				GCC_PREFIX_HEADER = "Friday Night Lights/Friday Night Lights-Prefix.pch";
				INFOPLIST_FILE = "Friday Night LightsTests/Friday Night LightsTests-Info.plist";
				LIBRARY_SEARCH_PATHS = (
					"$(inherited)",
					"\"$(SRCROOT)/Friday Night Lights/TestFlightSDK1.2.6\"",
				);
				PRODUCT_NAME = "$(TARGET_NAME)";
				TEST_HOST = "$(BUNDLE_LOADER)";
				WRAPPER_EXTENSION = octest;
			};
			name = Debug;
		};
		AE89AC1C176D426700C06D03 /* Release */ = {
			isa = XCBuildConfiguration;
			buildSettings = {
				BUNDLE_LOADER = "$(BUILT_PRODUCTS_DIR)/Friday Night Lights.app/Friday Night Lights";
				FRAMEWORK_SEARCH_PATHS = (
					"\"$(SDKROOT)/Developer/Library/Frameworks\"",
					"\"$(DEVELOPER_LIBRARY_DIR)/Frameworks\"",
				);
				GCC_PRECOMPILE_PREFIX_HEADER = YES;
				GCC_PREFIX_HEADER = "Friday Night Lights/Friday Night Lights-Prefix.pch";
				INFOPLIST_FILE = "Friday Night LightsTests/Friday Night LightsTests-Info.plist";
				LIBRARY_SEARCH_PATHS = (
					"$(inherited)",
					"\"$(SRCROOT)/Friday Night Lights/TestFlightSDK1.2.6\"",
				);
				PRODUCT_NAME = "$(TARGET_NAME)";
				TEST_HOST = "$(BUNDLE_LOADER)";
				WRAPPER_EXTENSION = octest;
			};
			name = Release;
		};
/* End XCBuildConfiguration section */

/* Begin XCConfigurationList section */
		AE89ABDA176D426700C06D03 /* Build configuration list for PBXProject "Friday Night Lights" */ = {
			isa = XCConfigurationList;
			buildConfigurations = (
				AE89AC15176D426700C06D03 /* Debug */,
				AE89AC16176D426700C06D03 /* Release */,
			);
			defaultConfigurationIsVisible = 0;
			defaultConfigurationName = Release;
		};
		AE89AC17176D426700C06D03 /* Build configuration list for PBXNativeTarget "Friday Night Lights" */ = {
			isa = XCConfigurationList;
			buildConfigurations = (
				AE89AC18176D426700C06D03 /* Debug */,
				AE89AC19176D426700C06D03 /* Release */,
			);
			defaultConfigurationIsVisible = 0;
			defaultConfigurationName = Release;
		};
		AE89AC1A176D426700C06D03 /* Build configuration list for PBXNativeTarget "Friday Night LightsTests" */ = {
			isa = XCConfigurationList;
			buildConfigurations = (
				AE89AC1B176D426700C06D03 /* Debug */,
				AE89AC1C176D426700C06D03 /* Release */,
			);
			defaultConfigurationIsVisible = 0;
			defaultConfigurationName = Release;
		};
/* End XCConfigurationList section */

/* Begin XCVersionGroup section */
		AE89ABFC176D426700C06D03 /* Friday_Night_Lights.xcdatamodeld */ = {
			isa = XCVersionGroup;
			children = (
				AE160BD7179E024300806430 /* Friday_Night_Lights 3.xcdatamodel */,
				AE3256CC1794FC470061BBF1 /* Friday_Night_Lights 2.xcdatamodel */,
				AE89ABFD176D426700C06D03 /* Friday_Night_Lights.xcdatamodel */,
			);
			currentVersion = AE160BD7179E024300806430 /* Friday_Night_Lights 3.xcdatamodel */;
			path = Friday_Night_Lights.xcdatamodeld;
			sourceTree = "<group>";
			versionGroupType = wrapper.xcdatamodel;
		};
/* End XCVersionGroup section */
	};
	rootObject = AE89ABD7176D426700C06D03 /* Project object */;
}
